# THIS IS AN AUTOGENERATED FILE. DO NOT EDIT THIS FILE DIRECTLY.
# yarn lockfile v1


"@foliojs-fork/fontkit@^1.9.2":
  version "1.9.2"
  resolved "https://registry.yarnpkg.com/@foliojs-fork/fontkit/-/fontkit-1.9.2.tgz#94241c195bc6204157bc84c33f34bdc967eca9c3"
  integrity sha512-IfB5EiIb+GZk+77TRB86AHroVaqfq8JRFlUbz0WEwsInyCG0epX2tCPOy+UfaWPju30DeVoUAXfzWXmhn753KA==
  dependencies:
    "@foliojs-fork/restructure" "^2.0.2"
    brotli "^1.2.0"
    clone "^1.0.4"
    deep-equal "^1.0.0"
    dfa "^1.2.0"
    tiny-inflate "^1.0.2"
    unicode-properties "^1.2.2"
    unicode-trie "^2.0.0"

"@foliojs-fork/linebreak@^1.1.1", "@foliojs-fork/linebreak@^1.1.2":
  version "1.1.2"
  resolved "https://registry.yarnpkg.com/@foliojs-fork/linebreak/-/linebreak-1.1.2.tgz#32fee03d5431fa73284373439e172e451ae1e2da"
  integrity sha512-ZPohpxxbuKNE0l/5iBJnOAfUaMACwvUIKCvqtWGKIMv1lPYoNjYXRfhi9FeeV9McBkBLxsMFWTVVhHJA8cyzvg==
  dependencies:
    base64-js "1.3.1"
    unicode-trie "^2.0.0"

"@foliojs-fork/pdfkit@^0.15.3":
  version "0.15.3"
  resolved "https://registry.yarnpkg.com/@foliojs-fork/pdfkit/-/pdfkit-0.15.3.tgz#590b31e770a98e2af62ce44f268a0d06b41ff32f"
  integrity sha512-Obc0Wmy3bm7BINFVvPhcl2rnSSK61DQrlHU8aXnAqDk9LCjWdUOPwhgD8Ywz5VtuFjRxmVOM/kQ/XLIBjDvltw==
  dependencies:
    "@foliojs-fork/fontkit" "^1.9.2"
    "@foliojs-fork/linebreak" "^1.1.1"
    crypto-js "^4.2.0"
    jpeg-exif "^1.1.4"
    png-js "^1.0.0"

"@foliojs-fork/restructure@^2.0.2":
  version "2.0.2"
  resolved "https://registry.yarnpkg.com/@foliojs-fork/restructure/-/restructure-2.0.2.tgz#73759aba2aff1da87b7c4554e6839c70d43c92b4"
  integrity sha512-59SgoZ3EXbkfSX7b63tsou/SDGzwUEK6MuB5sKqgVK1/XE0fxmpsOb9DQI8LXW3KfGnAjImCGhhEb7uPPAUVNA==

"@fortawesome/fontawesome-free@^5.15.4":
  version "5.15.4"
  resolved "https://registry.yarnpkg.com/@fortawesome/fontawesome-free/-/fontawesome-free-5.15.4.tgz#ecda5712b61ac852c760d8b3c79c96adca5554e5"
  integrity sha512-eYm8vijH/hpzr/6/1CJ/V/Eb1xQFW2nnUKArb3z+yUWv7HTwj6M7SP957oMjfZjAHU6qpoNc2wQvIxBLWYa/Jg==

"@lgaitan/pace-progress@^1.0.7":
  version "1.0.7"
  resolved "https://registry.yarnpkg.com/@lgaitan/pace-progress/-/pace-progress-1.0.7.tgz#c96fbbd9fd4cf528feed34ea0c8f9d8b3e98f0dd"
  integrity sha1-yW+72f1M9Sj+7TTqDI+diz6Y8N0=

"@sweetalert2/theme-bootstrap-4@^5.0.8":
  version "5.0.27"
  resolved "https://registry.yarnpkg.com/@sweetalert2/theme-bootstrap-4/-/theme-bootstrap-4-5.0.27.tgz#63aaeef04f0feadb8efdec4ec903b4b723082947"
  integrity sha512-xFerQrL6jfX8PXwkKCvDCcLvaBfUpqGjO79uAcWZPdMIwI3pjRyN7o8pZuxy3Krlqr7Av2NyLpwzhrDTG0d8FA==

"@ttskch/select2-bootstrap4-theme@^1.5.2":
  version "1.5.2"
  resolved "https://registry.yarnpkg.com/@ttskch/select2-bootstrap4-theme/-/select2-bootstrap4-theme-1.5.2.tgz#3b4519b349f3e7831c28752a1e9617312a192656"
  integrity sha512-gAj8qNy/VYwQDBkACm0USM66kxFai8flX83ayRXPNhzZckEgSqIBB9sM74SCM3ssgeX+ZVy4BifTnLis+KpIyg==

admin-lte@^3.2.0:
  version "3.2.0"
  resolved "https://registry.yarnpkg.com/admin-lte/-/admin-lte-3.2.0.tgz#9be383a6418c2323828466ab95af0eb083e4a597"
  integrity sha512-IDUfoU8jo9DVlB59lDEASAJXTesAEXDZ68DOHI3qg93r5ehVTkMl2x0ixgIyff8NiHeNYXpcOZh3tr6oGbvu9g==
  dependencies:
    "@fortawesome/fontawesome-free" "^5.15.4"
    "@lgaitan/pace-progress" "^1.0.7"
    "@sweetalert2/theme-bootstrap-4" "^5.0.8"
    "@ttskch/select2-bootstrap4-theme" "^1.5.2"
    bootstrap "^4.6.1"
    bootstrap-colorpicker "^3.4.0"
    bootstrap-slider "^11.0.2"
    bootstrap-switch "3.3.4"
    bootstrap4-duallistbox "^4.0.2"
    bs-custom-file-input "^1.3.4"
    bs-stepper "^1.7.0"
    chart.js "^2.9.4"
    codemirror "^5.65.1"
    datatables.net "^1.11.4"
    datatables.net-autofill-bs4 "^2.3.9"
    datatables.net-bs4 "^1.11.4"
    datatables.net-buttons-bs4 "^2.2.2"
    datatables.net-colreorder-bs4 "^1.5.5"
    datatables.net-fixedcolumns-bs4 "^4.0.1"
    datatables.net-fixedheader-bs4 "^3.2.1"
    datatables.net-keytable-bs4 "^2.6.4"
    datatables.net-responsive-bs4 "^2.2.9"
    datatables.net-rowgroup-bs4 "^1.1.4"
    datatables.net-rowreorder-bs4 "^1.2.8"
    datatables.net-scroller-bs4 "^2.0.5"
    datatables.net-searchbuilder-bs4 "^1.3.1"
    datatables.net-searchpanes-bs4 "^1.4.0"
    datatables.net-select-bs4 "^1.3.4"
    daterangepicker "^3.1.0"
    dropzone "^5.9.3"
    ekko-lightbox "^5.3.0"
    fastclick "^1.0.6"
    filterizr "^2.2.4"
    flag-icon-css "^4.1.7"
    flot "^4.2.2"
    fs-extra "^10.0.0"
    fullcalendar "^5.10.1"
    icheck-bootstrap "^3.0.1"
    inputmask "^5.0.7"
    ion-rangeslider "^2.3.1"
    jquery "^3.6.0"
    jquery-knob-chif "^1.2.13"
    jquery-mapael "^2.2.0"
    jquery-mousewheel "^3.1.13"
    jquery-ui-dist "^1.13.0"
    jquery-validation "^1.19.3"
    jqvmap-novulnerability "^1.5.1"
    jsgrid "^1.5.3"
    jszip "^3.7.1"
    moment "^2.29.1"
    overlayscrollbars "^1.13.1"
    pdfmake "^0.2.4"
    popper.js "^1.16.1"
    raphael "^2.3.0"
    select2 "^4.0.13"
    sparklines "^1.3.0"
    summernote "^0.8.20"
    sweetalert2 "^11.4.0"
    tempusdominus-bootstrap-4 "^5.39.0"
    toastr "^2.1.4"
    uplot "^1.6.18"

base64-js@1.3.1, base64-js@^1.1.2, base64-js@^1.3.0:
  version "1.3.1"
  resolved "https://registry.yarnpkg.com/base64-js/-/base64-js-1.3.1.tgz#58ece8cb75dd07e71ed08c736abc5fac4dbf8df1"
  integrity sha512-mLQ4i2QO1ytvGWFWmcngKO//JXAQueZvwEKtjgQFM4jIK0kU+ytMfplL8j+n5mspOfjHwoAg+9yhb7BwAHm36g==

bootstrap-colorpicker@^3.4.0:
  version "3.4.0"
  resolved "https://registry.yarnpkg.com/bootstrap-colorpicker/-/bootstrap-colorpicker-3.4.0.tgz#3d1873071542755a9b31cf5b314f771e2fcc7727"
  integrity sha512-7vA0hvLrat3ptobEKlT9+6amzBUJcDAoh6hJRQY/AD+5dVZYXXf1ivRfrTwmuwiVLJo9rZwM8YB4lYzp6agzqg==
  dependencies:
    bootstrap ">=4.0"
    jquery ">=2.2"
    popper.js ">=1.10"

bootstrap-slider@^11.0.2:
  version "11.0.2"
  resolved "https://registry.yarnpkg.com/bootstrap-slider/-/bootstrap-slider-11.0.2.tgz#4b167c165f322339cc66f0c7166b5a39e289e251"
  integrity sha512-CdwS+Z6X79OkLes9RfDgPB9UIY/+81wTkm6ktdSB6hdyiRbjJLFQIjZdnEr55tDyXZfgC7U6yeSXkNN9ZdGqjA==

bootstrap-switch@3.3.4:
  version "3.3.4"
  resolved "https://registry.yarnpkg.com/bootstrap-switch/-/bootstrap-switch-3.3.4.tgz#70e0aeb2a877c0dc766991de108e2170fc29a2ff"
  integrity sha1-cOCusqh3wNx2aZHeEI4hcPwpov8=

bootstrap4-duallistbox@^4.0.2:
  version "4.0.2"
  resolved "https://registry.yarnpkg.com/bootstrap4-duallistbox/-/bootstrap4-duallistbox-4.0.2.tgz#c6942e34a39d0d05e436d51ebaf31c9349f119d3"
  integrity sha512-vQdANVE2NN0HMaZO9qWJy0C7u04uTpAmtUGO3KLq3xAZKCboJweQ437hDTszI6pbYV2olJCGZMbdhvIkBNGeGQ==

bootstrap@>=4.0:
  version "4.4.1"
  resolved "https://registry.yarnpkg.com/bootstrap/-/bootstrap-4.4.1.tgz#8582960eea0c5cd2bede84d8b0baf3789c3e8b01"
  integrity sha512-tbx5cHubwE6e2ZG7nqM3g/FZ5PQEDMWmMGNrCUBVRPHXTJaH7CBDdsLeu3eCh3B1tzAxTnAbtmrzvWEvT2NNEA==

bootstrap@^4.6.1:
  version "4.6.2"
  resolved "https://registry.yarnpkg.com/bootstrap/-/bootstrap-4.6.2.tgz#8e0cd61611728a5bf65a3a2b8d6ff6c77d5d7479"
  integrity sha512-51Bbp/Uxr9aTuy6ca/8FbFloBUJZLHwnhTcnjIeRn2suQWsWzcuJhGjKDB5eppVte/8oCdOL3VuwxvZDUggwGQ==

brotli@^1.2.0:
  version "1.3.2"
  resolved "https://registry.yarnpkg.com/brotli/-/brotli-1.3.2.tgz#525a9cad4fcba96475d7d388f6aecb13eed52f46"
  integrity sha1-UlqcrU/LqWR119OI9q7LE+7VL0Y=
  dependencies:
    base64-js "^1.1.2"

bs-custom-file-input@^1.3.4:
  version "1.3.4"
  resolved "https://registry.yarnpkg.com/bs-custom-file-input/-/bs-custom-file-input-1.3.4.tgz#c275cb8d4f1c02ba026324292509fa9a747dbda8"
  integrity sha512-NBsQzTnef3OW1MvdKBbMHAYHssCd613MSeJV7z2McXznWtVMnJCy7Ckyc+PwxV6Pk16cu6YBcYWh/ZE0XWNKCA==

bs-stepper@^1.7.0:
  version "1.7.0"
  resolved "https://registry.yarnpkg.com/bs-stepper/-/bs-stepper-1.7.0.tgz#bfa4cc51c4e67957caae57f5bdcba1977186bac1"
  integrity sha512-+DX7UKKgw2GI6ucsSCRd19VHYrxf/8znRCLs1lQVVLxz+h7EqgIOxoHcJ0/QTaaNoR9Cwg78ydo6hXIasyd3LA==

chart.js@^2.9.4:
  version "2.9.4"
  resolved "https://registry.yarnpkg.com/chart.js/-/chart.js-2.9.4.tgz#0827f9563faffb2dc5c06562f8eb10337d5b9684"
  integrity sha512-B07aAzxcrikjAPyV+01j7BmOpxtQETxTSlQ26BEYJ+3iUkbNKaOJ/nDbT6JjyqYxseM0ON12COHYdU2cTIjC7A==
  dependencies:
    chartjs-color "^2.1.0"
    moment "^2.10.2"

chartjs-color-string@^0.6.0:
  version "0.6.0"
  resolved "https://registry.yarnpkg.com/chartjs-color-string/-/chartjs-color-string-0.6.0.tgz#1df096621c0e70720a64f4135ea171d051402f71"
  integrity sha512-TIB5OKn1hPJvO7JcteW4WY/63v6KwEdt6udfnDE9iCAZgy+V4SrbSxoIbTw/xkUIapjEI4ExGtD0+6D3KyFd7A==
  dependencies:
    color-name "^1.0.0"

chartjs-color@^2.1.0:
  version "2.4.1"
  resolved "https://registry.yarnpkg.com/chartjs-color/-/chartjs-color-2.4.1.tgz#6118bba202fe1ea79dd7f7c0f9da93467296c3b0"
  integrity sha512-haqOg1+Yebys/Ts/9bLo/BqUcONQOdr/hoEr2LLTRl6C5LXctUdHxsCYfvQVg5JIxITrfCNUDr4ntqmQk9+/0w==
  dependencies:
    chartjs-color-string "^0.6.0"
    color-convert "^1.9.3"

clone@^1.0.4:
  version "1.0.4"
  resolved "https://registry.yarnpkg.com/clone/-/clone-1.0.4.tgz#da309cc263df15994c688ca902179ca3c7cd7c7e"
  integrity sha512-JQHZ2QMW6l3aH/j6xCqQThY/9OH4D/9ls34cgkUBiEeocRTU04tHfKPBsUK1PqZCUQM7GiA0IIXJSuXHI64Kbg==

codemirror@^5.65.1:
  version "5.65.21"
  resolved "https://registry.yarnpkg.com/codemirror/-/codemirror-5.65.21.tgz#cacf320606c5450ad3b3da34bb9c666afec21068"
  integrity sha512-6teYk0bA0nR3QP0ihGMoxuKzpl5W80FpnHpBJpgy66NK3cZv5b/d/HY8PnRvfSsCG1MTfr92u2WUl+wT0E40mQ==

color-convert@^1.9.3:
  version "1.9.3"
  resolved "https://registry.yarnpkg.com/color-convert/-/color-convert-1.9.3.tgz#bb71850690e1f136567de629d2d5471deda4c1e8"
  integrity sha512-QfAUtd+vFdAtFQcC8CCyYt1fYWxSqAiK2cSD6zDB8N3cpsEBAvRxp9zOGg6G/SHHJYAT88/az/IuDGALsNVbGg==
  dependencies:
    color-name "1.1.3"

color-name@1.1.3:
  version "1.1.3"
  resolved "https://registry.yarnpkg.com/color-name/-/color-name-1.1.3.tgz#a7d0558bd89c42f795dd42328f740831ca53bc25"
  integrity sha1-p9BVi9icQveV3UIyj3QIMcpTvCU=

color-name@^1.0.0:
  version "1.1.4"
  resolved "https://registry.yarnpkg.com/color-name/-/color-name-1.1.4.tgz#c2a09a87acbde69543de6f63fa3995c826c536a2"
  integrity sha512-dOy+3AuW3a2wNbZHIuMZpTcgjGuLU/uBL/ubcZF9OXbDo8ff4O8yVp5Bf0efS8uEoYo5q4Fx7dY9OgQGXgAsQA==

core-util-is@~1.0.0:
  version "1.0.2"
  resolved "https://registry.yarnpkg.com/core-util-is/-/core-util-is-1.0.2.tgz#b5fd54220aa2bc5ab57aab7140c940754503c1a7"
  integrity sha1-tf1UIgqivFq1eqtxQMlAdUUDwac=

crypto-js@^4.2.0:
  version "4.2.0"
  resolved "https://registry.yarnpkg.com/crypto-js/-/crypto-js-4.2.0.tgz#4d931639ecdfd12ff80e8186dba6af2c2e856631"
  integrity sha512-KALDyEYgpY+Rlob/iriUtjV6d5Eq+Y191A5g4UqLAi8CyGP9N1+FdVbkc1SxKc2r4YAYqG8JzO2KGL+AizD70Q==

datatables.net-autofill-bs4@^2.3.9:
  version "2.7.1"
  resolved "https://registry.yarnpkg.com/datatables.net-autofill-bs4/-/datatables.net-autofill-bs4-2.7.1.tgz#677ded4b21d10ae645619b8f2c30e4a5d4cbc5e2"
  integrity sha512-NUXUM2ezdOFwQbBKsCQqFGUCLRdaQ+ZYxP2x1wQ8M7X23nBgy0yT5JdNum1Ajgb//jLuVGQX9ymJG4SDSvFgbQ==
  dependencies:
    datatables.net-autofill "2.7.1"
    datatables.net-bs4 "1.11 - 2"
    jquery ">=1.7"

datatables.net-autofill@2.7.1:
  version "2.7.1"
  resolved "https://registry.yarnpkg.com/datatables.net-autofill/-/datatables.net-autofill-2.7.1.tgz#0b8a1438a100ca5dc180ca7601285fad51cd8f96"
  integrity sha512-pcRK5SxOB6gLW3CwZHtdYoOwh3bjXzSRmVapVtNUqhtFoGS0L7sXcBS+TQdJuCNbxYBreiow2tFl+WHB81l17w==
  dependencies:
    datatables.net "1.11 - 2"
    jquery ">=1.7"

"datatables.net-bs4@1.11 - 2", datatables.net-bs4@^2:
  version "2.3.8"
  resolved "https://registry.yarnpkg.com/datatables.net-bs4/-/datatables.net-bs4-2.3.8.tgz#da3660b5981ba062aa59dda1c81c524201111742"
  integrity sha512-i65jbIw6DPG6KyUXRacCFzbawRYA2UjPg68tPkOns/r9YXQngSMQ/+izdmJk1xnPDRXh3cuTqV8cqOIy1NXH1A==
  dependencies:
    datatables.net "2.3.8"
    jquery ">=1.7"

datatables.net-bs4@>=1.10.25, datatables.net-bs4@>=1.11.0:
  version "3.1.3"
  resolved "https://registry.yarnpkg.com/datatables.net-bs4/-/datatables.net-bs4-3.1.3.tgz#d55e0f5a9fb6d8a0928b2daae64d7440bf23afd0"
  integrity sha512-QcOLC5nshFV0YIIdZQCtUfBZXGTD/NM+xXabk4eLAZmEVExbgdxvfIwa9NW/49s1Fv4Qd82kmOcCTEiHtaye4g==
  dependencies:
    datatables.net "3.1.3"

datatables.net-bs4@^1.11.4, datatables.net-bs4@^1.13.0:
  version "1.13.11"
  resolved "https://registry.yarnpkg.com/datatables.net-bs4/-/datatables.net-bs4-1.13.11.tgz#b31b9006f1901746e6c835925523608bd0a29025"
  integrity sha512-1LnxzQDFKpwvBETc8wtUtQ+pUXhs6NJomNST5pRzzHAccckkj9rZeOp3mevKDnDJKuNhBM1Y0rIeZGylJnqh9A==
  dependencies:
    datatables.net "1.13.11"
    jquery "1.8 - 4"

datatables.net-buttons-bs4@^2.2.2:
  version "2.4.3"
  resolved "https://registry.yarnpkg.com/datatables.net-buttons-bs4/-/datatables.net-buttons-bs4-2.4.3.tgz#d4a720b45e3f2ec3c776536a9ac057f57861438f"
  integrity sha512-j/4ZFyGtRcNNknwN/+evClgmG/OZIAF+xEhfzpwFzOz7Mk/0j7GyDGO+V5tg5FTOyxyK03NSu0cT0hvPglDpmA==
  dependencies:
    datatables.net-bs4 "^1.13.0"
    datatables.net-buttons "2.4.3"
    jquery ">=1.7"

datatables.net-buttons@2.4.3:
  version "2.4.3"
  resolved "https://registry.yarnpkg.com/datatables.net-buttons/-/datatables.net-buttons-2.4.3.tgz#38ceb492aa7a069f6b4334ae8fbc8134bfdf7363"
  integrity sha512-xoHD6I2kxnU/CEp97Ar0lSnAL1siucQ/5Q/otGWWfWE2VN0o4n5C2h2Ot/ZCS8kxbEHBGd873Bc2xPdJH87yOw==
  dependencies:
    datatables.net "^1.13.0"
    jquery ">=1.7"

datatables.net-colreorder-bs4@^1.5.5:
  version "1.7.2"
  resolved "https://registry.yarnpkg.com/datatables.net-colreorder-bs4/-/datatables.net-colreorder-bs4-1.7.2.tgz#53ea3150c3a34bf67e01f159f640f8fc2c9dc201"
  integrity sha512-iVlvHwD82ZCDuaDaAXsD6OukNjgWNe44+f0yu43a1bOwK1ncXYiBSohlEuIhynHnESexN2vg4saj4a0rEMNx+w==
  dependencies:
    datatables.net-bs4 "^1.13.0"
    datatables.net-colreorder "1.7.2"
    jquery ">=1.7"

datatables.net-colreorder@1.7.2:
  version "1.7.2"
  resolved "https://registry.yarnpkg.com/datatables.net-colreorder/-/datatables.net-colreorder-1.7.2.tgz#9806f165048daecb2fe93a482c744efc6e649c06"
  integrity sha512-F8TYMFXtWLtsjciwS7hkP/Fbp3XS6WHuHLc+iMFtQqiQmbMo/59GK7YSxKuxSoqTTJU/opaPXQYjODnIuNEc/g==
  dependencies:
    datatables.net "^1.13.0"
    jquery ">=1.7"

datatables.net-fixedcolumns-bs4@^4.0.1:
  version "4.3.1"
  resolved "https://registry.yarnpkg.com/datatables.net-fixedcolumns-bs4/-/datatables.net-fixedcolumns-bs4-4.3.1.tgz#00c691ff963b69a77edcb23f440a3869c51f3874"
  integrity sha512-/JkG5vAil/KEB+FFvl0kcvqFMVHXZgq+6yzImlZaHE3NSApV8L5eWnyIQakShczPcxrU9iozGOxvtRRIFl0rqA==
  dependencies:
    datatables.net-bs4 "^1.13.0"
    datatables.net-fixedcolumns "4.3.1"
    jquery ">=1.7"

datatables.net-fixedcolumns@4.3.1:
  version "4.3.1"
  resolved "https://registry.yarnpkg.com/datatables.net-fixedcolumns/-/datatables.net-fixedcolumns-4.3.1.tgz#a6aa2831471bf9e78b21100ae862f5f52149647b"
  integrity sha512-K5hEr5PIIHFMLd2sR9CBw3RRhf0nJbbsc5NHWnfjUUtnr9d808xbifuej3TpdKOtGeRJgAnRktiL9f30sM32CQ==
  dependencies:
    datatables.net "^1.13.0"
    jquery ">=1.7"

datatables.net-fixedheader-bs4@^3.2.1:
  version "3.4.1"
  resolved "https://registry.yarnpkg.com/datatables.net-fixedheader-bs4/-/datatables.net-fixedheader-bs4-3.4.1.tgz#567aa2e41cd3972f8ce5eb76173ad397e74b597d"
  integrity sha512-Oq6yCpswdFRn+nwrjOjD0nmpH3F0glz/ppgdT8vA6U/8qkguze4d3qZyEYd7osqrCeX9ccUZR9ptpqRYb6sVtg==
  dependencies:
    datatables.net-bs4 "^1.13.0"
    datatables.net-fixedheader "3.4.1"
    jquery ">=1.7"

datatables.net-fixedheader@3.4.1:
  version "3.4.1"
  resolved "https://registry.yarnpkg.com/datatables.net-fixedheader/-/datatables.net-fixedheader-3.4.1.tgz#db8b250e7819da989baa5df8c757a5a382754752"
  integrity sha512-c9FJAShG5r8RJDIszWQvMFe6Ie+njfbHB9GhzOPjEF7zhbsMUQEkoYq1qW3ppOxY5psadDrT+D3f4iGM589u6w==
  dependencies:
    datatables.net "^1.13.0"
    jquery ">=1.7"

datatables.net-keytable-bs4@^2.6.4:
  version "2.12.2"
  resolved "https://registry.yarnpkg.com/datatables.net-keytable-bs4/-/datatables.net-keytable-bs4-2.12.2.tgz#f001f1da4c541b0d44034944f2cb7c75877cae89"
  integrity sha512-7pj+Db4GrZyO7y6sBMxOeZ4y78mNr3JitUElWGtyNU798JT3vETyH8jI6D/OOw9LVewGGNHFp6RZpawzuARU4Q==
  dependencies:
    datatables.net-bs4 "1.11 - 2"
    datatables.net-keytable "2.12.2"
    jquery ">=1.7"

datatables.net-keytable@2.12.2:
  version "2.12.2"
  resolved "https://registry.yarnpkg.com/datatables.net-keytable/-/datatables.net-keytable-2.12.2.tgz#9d5f789c2252908a47713a15cb9cd8860308d6ae"
  integrity sha512-Fehm0/0gICdRRPBmzwFKnQaq27OXQZqcNG7ZbicZmSbu1FFO2MzDOuWzw5lD3w7mut/eZPWYm052hX45dmMIwg==
  dependencies:
    datatables.net "1.11 - 2"
    jquery ">=1.7"

datatables.net-responsive-bs4@^2.2.9:
  version "2.5.1"
  resolved "https://registry.yarnpkg.com/datatables.net-responsive-bs4/-/datatables.net-responsive-bs4-2.5.1.tgz#1f5d615de94b07558bc2df0174b546fcfdc30255"
  integrity sha512-cOVCG9zRioqJiqZUPXel5/vxKGt8EFhxgzVafDNy2hY3ZO+UMMuRKcs2br/QMoojbXzpKNf2rL/lM7NoXKVKZA==
  dependencies:
    datatables.net-bs4 "^1.13.0"
    datatables.net-responsive "2.5.1"
    jquery ">=1.7"

datatables.net-responsive@2.5.1:
  version "2.5.1"
  resolved "https://registry.yarnpkg.com/datatables.net-responsive/-/datatables.net-responsive-2.5.1.tgz#9747a3c6e6b59abd33174e1890356357151bb8c0"
  integrity sha512-hyJb2faIzEWUX5Yn4HOSq/6NNB9SXDVbI4OU9ny+XU/2ghZEz4676spOgzpDHTdWvCfM+t1mbUsT70fDiTTr9w==
  dependencies:
    datatables.net "^1.13.0"
    jquery ">=1.7"

datatables.net-rowgroup-bs4@^1.1.4:
  version "1.6.0"
  resolved "https://registry.yarnpkg.com/datatables.net-rowgroup-bs4/-/datatables.net-rowgroup-bs4-1.6.0.tgz#452cd6ebb576c76d0341cf4fece21cdbd194a617"
  integrity sha512-FhcQss6HmTLCxPz7pykPD5qyurieqZEekY800i1O7jwkn7uxb0RKijrtBTZZzGFKdgO7aBce7hhhIkhZjIsJnQ==
  dependencies:
    datatables.net-bs4 "^2"
    datatables.net-rowgroup "1.6.0"
    jquery ">=1.7"

datatables.net-rowgroup@1.6.0:
  version "1.6.0"
  resolved "https://registry.yarnpkg.com/datatables.net-rowgroup/-/datatables.net-rowgroup-1.6.0.tgz#a487cf598c15314f1a23452d9ef18ff22a16b356"
  integrity sha512-3G6zDo39kh1JWSVVu9pUd0ukyNfxWAOuciV+NbOnhI+CbUxBuRCkMFn8p2nUgODdVuFGyK+2ClY6QByiCalwiQ==
  dependencies:
    datatables.net "^2"
    jquery ">=1.7"

datatables.net-rowreorder-bs4@^1.2.8:
  version "1.5.1"
  resolved "https://registry.yarnpkg.com/datatables.net-rowreorder-bs4/-/datatables.net-rowreorder-bs4-1.5.1.tgz#85fd5a4c2741f678da27a6798869b1d8ff1f600d"
  integrity sha512-26Xx4JbrKhHQDh+GgvVK/XXeFIW6RLQnU5mLtMpy2S+K/9Yffyc71aZ8lyEmm5q7rNnw3LE+hY/FZN5sPTldTQ==
  dependencies:
    datatables.net-bs4 ">=1.11.0"
    datatables.net-rowreorder "1.5.1"
    jquery ">=1.7"

datatables.net-rowreorder@1.5.1:
  version "1.5.1"
  resolved "https://registry.yarnpkg.com/datatables.net-rowreorder/-/datatables.net-rowreorder-1.5.1.tgz#257aa1dc2c29ed4421a95434a7044d3d4dd2a7fe"
  integrity sha512-hVGXjl9lcLXHMdtwzCs2y47ZqYbSz9XhV+KSVkGsXu8M0MHma1rJXY7uOeCy5u/PMD4oONzgT2B8QCUBBbqvQA==
  dependencies:
    datatables.net ">=1.11.0"
    jquery ">=1.7"

datatables.net-scroller-bs4@^2.0.5:
  version "2.4.3"
  resolved "https://registry.yarnpkg.com/datatables.net-scroller-bs4/-/datatables.net-scroller-bs4-2.4.3.tgz#f66de22ef41f317aba17ef7037ef447cb2db4297"
  integrity sha512-ca02sqd8VJTafqZhCOETXvvyACFh08aUl4JD+gxg7/1JKjvki0hnpyUkU5SBYgV0aNT1B2ecK+PZf4E/dWjtFg==
  dependencies:
    datatables.net-bs4 "1.11 - 2"
    datatables.net-scroller "2.4.3"
    jquery ">=1.7"

datatables.net-scroller@2.4.3:
  version "2.4.3"
  resolved "https://registry.yarnpkg.com/datatables.net-scroller/-/datatables.net-scroller-2.4.3.tgz#0ee8774d3b34a57356b1cf1657c5f2d2e79c6c6a"
  integrity sha512-ce6Qa7ObGQmLJYvm6eMglf54L+01/Omn3N1pw7SiQjGYv8AKRRp1ex+U0NWmx3QaWp0iEeTnBaM4G6ay4juYZg==
  dependencies:
    datatables.net "1.11 - 2"
    jquery ">=1.7"

datatables.net-searchbuilder-bs4@^1.3.1:
  version "1.8.4"
  resolved "https://registry.yarnpkg.com/datatables.net-searchbuilder-bs4/-/datatables.net-searchbuilder-bs4-1.8.4.tgz#cceac1aae6002bcf9a5c2de64bd156de6c8d1a76"
  integrity sha512-vi9OxoNVlq2yQw0YOykFLUoaXLISmehn/WL32ZdiY/3t55m4a1vLe8wXyir4jj+4OUNs3Sc3g8iMHNNPBn4mTw==
  dependencies:
    datatables.net-bs4 "^2"
    datatables.net-searchbuilder "1.8.4"
    jquery ">=1.7"

datatables.net-searchbuilder@1.8.4:
  version "1.8.4"
  resolved "https://registry.yarnpkg.com/datatables.net-searchbuilder/-/datatables.net-searchbuilder-1.8.4.tgz#93b42dc0994ef78368fd06bdc3c41aa5cf25fef5"
  integrity sha512-rK+5sZU5wwphVRGqFB0ahJ75+yL5jBznnLrRKnGZ03fBDlhQo9TM9k8FKU1vK6NyWHj2fPes+mS/0s7LkP8cMw==
  dependencies:
    datatables.net "^2"
    jquery ">=1.7"

datatables.net-searchpanes-bs4@^1.4.0:
  version "1.4.0"
  resolved "https://registry.yarnpkg.com/datatables.net-searchpanes-bs4/-/datatables.net-searchpanes-bs4-1.4.0.tgz#efe09f8093fabd5ef311467eac198480873fb9bd"
  integrity sha512-Floxzmw2cQkUQdI7Vv4IWtLqLmwPrmY6MPncbEWq4YvkSeaZW7OHzSmZLLUjMn2P6Huvz59WUVcwL0lSDui6GQ==
  dependencies:
    datatables.net-bs4 ">=1.10.25"
    datatables.net-searchpanes ">=1.3.0"
    jquery ">=1.7"

datatables.net-searchpanes@>=1.3.0:
  version "2.3.5"
  resolved "https://registry.yarnpkg.com/datatables.net-searchpanes/-/datatables.net-searchpanes-2.3.5.tgz#96ac7ef4fed61038a2d462f3aeef85b6231c23c5"
  integrity sha512-e8c1IJULwqbPANfgFe3Nwlb+QGfeXPtIT348si95iQER94CcEbt0Eps9iA7Ql0IYm4sDlaHGt1Bdm6GjiqmzIA==
  dependencies:
    datatables.net "^2"
    jquery ">=1.7"

datatables.net-select-bs4@^1.3.4:
  version "1.7.1"
  resolved "https://registry.yarnpkg.com/datatables.net-select-bs4/-/datatables.net-select-bs4-1.7.1.tgz#3ddd63bd69426e3fd1bc20dfd7c019305d24ccb1"
  integrity sha512-iHG4C8RdJIpsGIGDCXofUflHN1fa2N0E83MZPuqQXh1ZBkeJzd700rnru2mJXbvFc+wM9vf0Xxr6C5YsYFprgA==
  dependencies:
    datatables.net-bs4 "^1.13.0"
    datatables.net-select "1.7.1"
    jquery ">=1.7"

datatables.net-select@1.7.1:
  version "1.7.1"
  resolved "https://registry.yarnpkg.com/datatables.net-select/-/datatables.net-select-1.7.1.tgz#1b309b1ff92c25e5ce4b9d5af19186bdf9b34597"
  integrity sha512-yC+GoBDVsnbaFTYKmZ2v5Bftc66zSZCYHbPYZb/ccdvxytEEudjc9R3wn6fgkOrVx3C2X/8keQc4a7EJvdOErg==
  dependencies:
    datatables.net "^1.13.0"
    jquery ">=1.7"

"datatables.net@1.11 - 2", datatables.net@2.3.8, datatables.net@^2:
  version "2.3.8"
  resolved "https://registry.yarnpkg.com/datatables.net/-/datatables.net-2.3.8.tgz#55a8dbe3bd2196951c498ab79bf44602a2bf3229"
  integrity sha512-uhViowhlDlheAuo5a8TrkQqADsjrtGeOyvrigvr4t0+K3MyAWqClORXWAYIcN9VLX6iIX0C8O9gwJNd01hITRg==
  dependencies:
    jquery ">=1.7"

datatables.net@1.13.11, datatables.net@^1.11.4, datatables.net@^1.13.0:
  version "1.13.11"
  resolved "https://registry.yarnpkg.com/datatables.net/-/datatables.net-1.13.11.tgz#e2a4c8b50553512f241ebfcbc078d74d551183b2"
  integrity sha512-AE6RkMXziRaqzPcu/pl3SJXeRa6fmXQG/fVjuRESujvkzqDCYEeKTTpPMuVJSGYJpPi32WGSphVNNY1G4nSN/g==
  dependencies:
    jquery "1.8 - 4"

datatables.net@3.1.3, datatables.net@>=1.11.0:
  version "3.1.3"
  resolved "https://registry.yarnpkg.com/datatables.net/-/datatables.net-3.1.3.tgz#e8f0b0b8eb52abbc9cd6967c59a1e63a494e0739"
  integrity sha512-B34/A+KAkKQnl6si+SgmB8grhDepfHDXEFyQxJanqY70dB4ab0pHTF1aHZvLKKruuUoL815/y3YeTSYUr/pAOw==

daterangepicker@^3.1.0:
  version "3.1.0"
  resolved "https://registry.yarnpkg.com/daterangepicker/-/daterangepicker-3.1.0.tgz#718d606614331df3e774c9aba82ccd8838d45da1"
  integrity sha512-DxWXvvPq4srWLCqFugqSV+6CBt/CvQ0dnpXhQ3gl0autcIDAruG1PuGG3gC7yPRNytAD1oU1AcUOzaYhOawhTw==
  dependencies:
    jquery ">=1.10"
    moment "^2.9.0"

deep-equal@^1.0.0:
  version "1.1.1"
  resolved "https://registry.yarnpkg.com/deep-equal/-/deep-equal-1.1.1.tgz#b5c98c942ceffaf7cb051e24e1434a25a2e6076a"
  integrity sha512-yd9c5AdiqVcR+JjcwUQb9DkhJc8ngNr0MahEBGvDiJw8puWab2yZlh+nkasOnZP+EGTAP6rRp2JzJhJZzvNF8g==
  dependencies:
    is-arguments "^1.0.4"
    is-date-object "^1.0.1"
    is-regex "^1.0.4"
    object-is "^1.0.1"
    object-keys "^1.1.1"
    regexp.prototype.flags "^1.2.0"

define-properties@^1.1.2, define-properties@^1.1.3:
  version "1.1.3"
  resolved "https://registry.yarnpkg.com/define-properties/-/define-properties-1.1.3.tgz#cf88da6cbee26fe6db7094f61d870cbd84cee9f1"
  integrity sha512-3MqfYKj2lLzdMSf8ZIZE/V+Zuy+BgD6f164e8K2w7dgnpKArBDerGYpM46IYYcjnkdPNMjPk9A6VFB8+3SKlXQ==
  dependencies:
    object-keys "^1.0.12"

dfa@^1.2.0:
  version "1.2.0"
  resolved "https://registry.yarnpkg.com/dfa/-/dfa-1.2.0.tgz#96ac3204e2d29c49ea5b57af8d92c2ae12790657"
  integrity sha512-ED3jP8saaweFTjeGX8HQPjeC1YYyZs98jGNZx6IiBvxW7JG5v492kamAQB3m2wop07CvU/RQmzcKr6bgcC5D/Q==

dropzone@^5.9.3:
  version "5.9.3"
  resolved "https://registry.yarnpkg.com/dropzone/-/dropzone-5.9.3.tgz#b3070ae090fa48cbc04c17535635537ca72d70d6"
  integrity sha512-Azk8kD/2/nJIuVPK+zQ9sjKMRIpRvNyqn9XwbBHNq+iNuSccbJS6hwm1Woy0pMST0erSo0u4j+KJaodndDk4vA==

ekko-lightbox@^5.3.0:
  version "5.3.0"
  resolved "https://registry.yarnpkg.com/ekko-lightbox/-/ekko-lightbox-5.3.0.tgz#fbfcd9df93a8d1cdbf8770adc8c05aaac4d24f56"
  integrity sha512-mbacwySuVD3Ad6F2hTkjSTvJt59bcVv2l/TmBerp4xZnLak8tPtA4AScUn4DL42c1ksTiAO6sGhJZ52P/1Qgew==

es-abstract@^1.17.0-next.1, es-abstract@^1.17.5:
  version "1.17.5"
  resolved "https://registry.yarnpkg.com/es-abstract/-/es-abstract-1.17.5.tgz#d8c9d1d66c8981fb9200e2251d799eee92774ae9"
  integrity sha512-BR9auzDbySxOcfog0tLECW8l28eRGpDpU3Dm3Hp4q/N+VtLTmyj4EUN088XZWQDW/hzj6sYRDXeOFsaAODKvpg==
  dependencies:
    es-to-primitive "^1.2.1"
    function-bind "^1.1.1"
    has "^1.0.3"
    has-symbols "^1.0.1"
    is-callable "^1.1.5"
    is-regex "^1.0.5"
    object-inspect "^1.7.0"
    object-keys "^1.1.1"
    object.assign "^4.1.0"
    string.prototype.trimleft "^2.1.1"
    string.prototype.trimright "^2.1.1"

es-to-primitive@^1.2.1:
  version "1.2.1"
  resolved "https://registry.yarnpkg.com/es-to-primitive/-/es-to-primitive-1.2.1.tgz#e55cd4c9cdc188bcefb03b366c736323fc5c898a"
  integrity sha512-QCOllgZJtaUo9miYBcLChTUaHNjJF3PYs1VidD7AwiEj1kYxKeQTctLAezAOH5ZKRH0g2IgPn6KwB4IT8iRpvA==
  dependencies:
    is-callable "^1.1.4"
    is-date-object "^1.0.1"
    is-symbol "^1.0.2"

ev-emitter@^1.0.0:
  version "1.1.1"
  resolved "https://registry.yarnpkg.com/ev-emitter/-/ev-emitter-1.1.1.tgz#8f18b0ce5c76a5d18017f71c0a795c65b9138f2a"
  integrity sha512-ipiDYhdQSCZ4hSbX4rMW+XzNKMD1prg/sTvoVmSLkuQ1MVlwjJQQA+sW8tMYR3BLUr9KjodFV4pvzunvRhd33Q==

eve-raphael@0.5.0:
  version "0.5.0"
  resolved "https://registry.yarnpkg.com/eve-raphael/-/eve-raphael-0.5.0.tgz#17c754b792beef3fa6684d79cf5a47c63c4cda30"
  integrity sha1-F8dUt5K+7z+maE15z1pHxjxM2jA=

fast-memoize@^2.5.1:
  version "2.5.2"
  resolved "https://registry.yarnpkg.com/fast-memoize/-/fast-memoize-2.5.2.tgz#79e3bb6a4ec867ea40ba0e7146816f6cdce9b57e"
  integrity sha512-Ue0LwpDYErFbmNnZSF0UH6eImUwDmogUO1jyE+JbN2gsQz/jICm1Ve7t9QT0rNSsfJt+Hs4/S3GnsDVjL4HVrw==

fastclick@^1.0.6:
  version "1.0.6"
  resolved "https://registry.yarnpkg.com/fastclick/-/fastclick-1.0.6.tgz#161625b27b1a5806405936bda9a2c1926d06be6a"
  integrity sha1-FhYlsnsaWAZAWTa9qaLBkm0Gvmo=

filterizr@^2.2.4:
  version "2.2.4"
  resolved "https://registry.yarnpkg.com/filterizr/-/filterizr-2.2.4.tgz#02fd75cffd46ef7acc85f55e132064650ae90a14"
  integrity sha512-hqyEdg7RrvJMVFOeF0yysS75HP6jLu0wBSUtSPAc3BysAtHpwcXaPnR1kYp2uZtd3YXyhH6JRfF9+H4SRvrqXg==
  dependencies:
    fast-memoize "^2.5.1"
    imagesloaded "^4.1.4"

flag-icon-css@^4.1.7:
  version "4.1.7"
  resolved "https://registry.yarnpkg.com/flag-icon-css/-/flag-icon-css-4.1.7.tgz#5471197f9ab965a3603b3e0face31dd513fec289"
  integrity sha512-AFjSU+fv98XbU0vnTQ32vcLj89UEr1MhwDFcooQv14qWJCjg9fGZzfh9BVyDhAhIOZW/pGmJmq38RqpgPaeybQ==

flot@^4.2.2:
  version "4.2.6"
  resolved "https://registry.yarnpkg.com/flot/-/flot-4.2.6.tgz#f2ea48270099567a6ccf8b5ab1ef18a5b65f356d"
  integrity sha512-Iz4HCet1ZBQnjGwECz4jseD1zMnh7m2XJIMI6A62l8h2SeceLYOEmYGNQto1XhkSM9fUmqzyKhWwJ+RolWLydg==

fs-extra@^10.0.0:
  version "10.1.0"
  resolved "https://registry.yarnpkg.com/fs-extra/-/fs-extra-10.1.0.tgz#02873cfbc4084dde127eaa5f9905eef2325d1abf"
  integrity sha512-oRXApq54ETRj4eMiFzGnHWGy+zo5raudjuxN0b8H7s/RU2oW0Wvsx9O0ACRN/kRq9E8Vu/ReskGB5o3ji+FzHQ==
  dependencies:
    graceful-fs "^4.2.0"
    jsonfile "^6.0.1"
    universalify "^2.0.0"

fullcalendar@^5.10.1:
  version "5.11.5"
  resolved "https://registry.yarnpkg.com/fullcalendar/-/fullcalendar-5.11.5.tgz#db57191c4741ceb9a217e47a4cdba8c9ad81b738"
  integrity sha512-eaVD6zOvuFXVpoMKlg2FQAj8e+PcpitBMwlzwRJJr1zOi/dXMYAksx2hLzwtsr93FVUNSSo16xwMTTZz6+prKQ==

function-bind@^1.1.1:
  version "1.1.1"
  resolved "https://registry.yarnpkg.com/function-bind/-/function-bind-1.1.1.tgz#a56899d3ea3c9bab874bb9773b7c5ede92f4895d"
  integrity sha512-yIovAzMX49sF8Yl58fSCWJ5svSLuaibPxXQJFLmBObTuCr0Mf1KiPopGM9NiFjiYBCbfaa2Fh6breQ6ANVTI0A==

graceful-fs@^4.1.6, graceful-fs@^4.2.0:
  version "4.2.3"
  resolved "https://registry.yarnpkg.com/graceful-fs/-/graceful-fs-4.2.3.tgz#4a12ff1b60376ef09862c2093edd908328be8423"
  integrity sha512-a30VEBm4PEdx1dRB7MFK7BejejvCvBronbLjht+sHuGYj8PHs7M/5Z+rt5lw551vZ7yfTCj4Vuyy3mSJytDWRQ==

has-symbols@^1.0.0, has-symbols@^1.0.1:
  version "1.0.1"
  resolved "https://registry.yarnpkg.com/has-symbols/-/has-symbols-1.0.1.tgz#9f5214758a44196c406d9bd76cebf81ec2dd31e8"
  integrity sha512-PLcsoqu++dmEIZB+6totNFKq/7Do+Z0u4oT0zKOJNl3lYK6vGwwu2hjHs+68OEZbTjiUE9bgOABXbP/GvrS0Kg==

has@^1.0.3:
  version "1.0.3"
  resolved "https://registry.yarnpkg.com/has/-/has-1.0.3.tgz#722d7cbfc1f6aa8241f16dd814e011e1f41e8796"
  integrity sha512-f2dvO0VU6Oej7RkWJGrehjbzMAjFp5/VKPp5tTpWIV4JHHZK1/BxbFRtf/siA2SWTe09caDmVtYYzWEIbBS4zw==
  dependencies:
    function-bind "^1.1.1"

icheck-bootstrap@^3.0.1:
  version "3.0.1"
  resolved "https://registry.yarnpkg.com/icheck-bootstrap/-/icheck-bootstrap-3.0.1.tgz#60c9c9a71524e1d9dd5bd05167a62fef05cc3a1b"
  integrity sha512-Rj3SybdcMcayhsP4IJ+hmCNgCKclaFcs/5zwCuLXH1WMo468NegjhZVxbSNKhEjJjnwc4gKETogUmPYSQ9lEZQ==

iconv-lite@^0.7.1:
  version "0.7.3"
  resolved "https://registry.yarnpkg.com/iconv-lite/-/iconv-lite-0.7.3.tgz#84ee12f963e7de50bc01a13e160a078b3b0f415f"
  integrity sha512-IKXpvIzjnC9XTAUbVBcMfGS0EPaIXtW6v+zr+RRp+hqULEpo0owZax6wyRwPOJbWbzjYspQwusTsfVr0ifh4uQ==
  dependencies:
    safer-buffer ">= 2.1.2 < 3.0.0"

imagesloaded@^4.1.4:
  version "4.1.4"
  resolved "https://registry.yarnpkg.com/imagesloaded/-/imagesloaded-4.1.4.tgz#1376efcd162bb768c34c3727ac89cc04051f3cc7"
  integrity sha512-ltiBVcYpc/TYTF5nolkMNsnREHW+ICvfQ3Yla2Sgr71YFwQ86bDwV9hgpFhFtrGPuwEx5+LqOHIrdXBdoWwwsA==
  dependencies:
    ev-emitter "^1.0.0"

immediate@~3.0.5:
  version "3.0.6"
  resolved "https://registry.yarnpkg.com/immediate/-/immediate-3.0.6.tgz#9db1dbd0faf8de6fbe0f5dd5e56bb606280de69b"
  integrity sha1-nbHb0Pr43m++D13V5Wu2BigN5ps=

inherits@~2.0.3:
  version "2.0.4"
  resolved "https://registry.yarnpkg.com/inherits/-/inherits-2.0.4.tgz#0fa2c64f932917c3433a0ded55363aae37416b7c"
  integrity sha512-k/vGaX4/Yla3WzyMCvTQOXYeIHvqOKtnqBduzTHpzpQZzAskKMhZ2K+EnBiSM9zGSoIFeMpXKxa4dYeZIQqewQ==

inputmask@^5.0.7:
  version "5.0.10"
  resolved "https://registry.yarnpkg.com/inputmask/-/inputmask-5.0.10.tgz#db313e024a4c3536f92fae1733c799c7ec032b53"
  integrity sha512-WksYiOYQb9cYLxbpyZsoxWZXQAlRmA/gTj4t0TOgeaEpSxuQKMK+64mKrZtsFA0OYtwlhd+tR7oMp7jRKQAakg==

ion-rangeslider@^2.3.1:
  version "2.3.1"
  resolved "https://registry.yarnpkg.com/ion-rangeslider/-/ion-rangeslider-2.3.1.tgz#92ade52cb56fc30b9162d0483ff02b6f9ed237c2"
  integrity sha512-6V+24FD13/feliI485gnRHZYD9Ev64M5NAFTxnVib516ATHa9PlXQrC+nOiPngouRYTCLPJyokAJEi3e1Umi5g==

is-arguments@^1.0.4:
  version "1.0.4"
  resolved "https://registry.yarnpkg.com/is-arguments/-/is-arguments-1.0.4.tgz#3faf966c7cba0ff437fb31f6250082fcf0448cf3"
  integrity sha512-xPh0Rmt8NE65sNzvyUmWgI1tz3mKq74lGA0mL8LYZcoIzKOzDh6HmrYm3d18k60nHerC8A9Km8kYu87zfSFnLA==

is-callable@^1.1.4, is-callable@^1.1.5:
  version "1.1.5"
  resolved "https://registry.yarnpkg.com/is-callable/-/is-callable-1.1.5.tgz#f7e46b596890456db74e7f6e976cb3273d06faab"
  integrity sha512-ESKv5sMCJB2jnHTWZ3O5itG+O128Hsus4K4Qh1h2/cgn2vbgnLSVqfV46AeJA9D5EeeLa9w81KUXMtn34zhX+Q==

is-date-object@^1.0.1:
  version "1.0.2"
  resolved "https://registry.yarnpkg.com/is-date-object/-/is-date-object-1.0.2.tgz#bda736f2cd8fd06d32844e7743bfa7494c3bfd7e"
  integrity sha512-USlDT524woQ08aoZFzh3/Z6ch9Y/EWXEHQ/AaRN0SkKq4t2Jw2R2339tSXmwuVoY7LLlBCbOIlx2myP/L5zk0g==

is-regex@^1.0.4, is-regex@^1.0.5:
  version "1.0.5"
  resolved "https://registry.yarnpkg.com/is-regex/-/is-regex-1.0.5.tgz#39d589a358bf18967f726967120b8fc1aed74eae"
  integrity sha512-vlKW17SNq44owv5AQR3Cq0bQPEb8+kF3UKZ2fiZNOWtztYE5i0CzCZxFDwO58qAOWtxdBRVO/V5Qin1wjCqFYQ==
  dependencies:
    has "^1.0.3"

is-symbol@^1.0.2:
  version "1.0.3"
  resolved "https://registry.yarnpkg.com/is-symbol/-/is-symbol-1.0.3.tgz#38e1014b9e6329be0de9d24a414fd7441ec61937"
  integrity sha512-OwijhaRSgqvhm/0ZdAcXNZt9lYdKFpcRDT5ULUuYXPoT794UNOdU+gpT6Rzo7b4V2HUl/op6GqY894AZwv9faQ==
  dependencies:
    has-symbols "^1.0.1"

isarray@~1.0.0:
  version "1.0.0"
  resolved "https://registry.yarnpkg.com/isarray/-/isarray-1.0.0.tgz#bb935d48582cba168c06834957a54a3e07124f11"
  integrity sha1-u5NdSFgsuhaMBoNJV6VKPgcSTxE=

jpeg-exif@^1.1.4:
  version "1.1.4"
  resolved "https://registry.yarnpkg.com/jpeg-exif/-/jpeg-exif-1.1.4.tgz#781a65b6cd74f62cb1c493511020f8d3577a1c2b"
  integrity sha512-a+bKEcCjtuW5WTdgeXFzswSrdqi0jk4XlEtZlx5A94wCoBpFjfFTbo/Tra5SpNCl/YFZPvcV1dJc+TAYeg6ROQ==

jquery-knob-chif@^1.2.13:
  version "1.2.13"
  resolved "https://registry.yarnpkg.com/jquery-knob-chif/-/jquery-knob-chif-1.2.13.tgz#5f1e462ef3745d27a9fd66ce1141fe82b44a5762"
  integrity sha1-Xx5GLvN0XSep/WbOEUH+grRKV2I=

jquery-mapael@^2.2.0:
  version "2.2.0"
  resolved "https://registry.yarnpkg.com/jquery-mapael/-/jquery-mapael-2.2.0.tgz#a68850c680ef0ce3f8b865e8a48b2a018250ca73"
  integrity sha512-B5cVcCkfs7Ezia1Zs8bEfVacYD/GvaASyqQeidApR/NJ1C4igcExk9VULVsgLcTPkxohcZrrz5uCaPXvuKeZWw==
  dependencies:
    jquery "^3.0 || ^2.0 || ^1.0"
    raphael "^2.2.0 || ^2.1.1"
  optionalDependencies:
    jquery-mousewheel "^3.1"

jquery-mousewheel@^3.1, jquery-mousewheel@^3.1.13:
  version "3.1.13"
  resolved "https://registry.yarnpkg.com/jquery-mousewheel/-/jquery-mousewheel-3.1.13.tgz#06f0335f16e353a695e7206bf50503cb523a6ee5"
  integrity sha1-BvAzXxbjU6aV5yBr9QUDy1I6buU=

jquery-tags-input@^1.3.5:
  version "1.3.5"
  resolved "https://registry.yarnpkg.com/jquery-tags-input/-/jquery-tags-input-1.3.5.tgz#1c89cb95c61983ad14386d30a006920476b93ed7"
  integrity sha1-HInLlcYZg60UOG0woAaSBHa5Ptc=

jquery-ui-dist@^1.13.0:
  version "1.13.3"
  resolved "https://registry.yarnpkg.com/jquery-ui-dist/-/jquery-ui-dist-1.13.3.tgz#13c186eb403e660c96b9b7edb7ae1466eaef9974"
  integrity sha512-qeTR3SOSQ0jgxaNXSFU6+JtxdzNUSJKgp8LCzVrVKntM25+2YBJW1Ea8B2AwjmmSHfPLy2dSlZxJQN06OfVFhg==
  dependencies:
    jquery ">=1.8.0 <4.0.0"

jquery-validation@^1.19.3:
  version "1.22.1"
  resolved "https://registry.yarnpkg.com/jquery-validation/-/jquery-validation-1.22.1.tgz#fc1ae3256110332c929245a44d69ee76fee0e481"
  integrity sha512-ePLXLWK7Rh5eR652YsuIu7YPeGlCXrsJUteVw5iZopiU17yaMd3FaDggs6yyNMl56p8TYVeDRmKGK3fPZrMeQw==

"jquery@1.8 - 4", jquery@>=2.2:
  version "4.0.0"
  resolved "https://registry.yarnpkg.com/jquery/-/jquery-4.0.0.tgz#95c33ac29005ff72ec444c5ba1cf457e61404fbb"
  integrity sha512-TXCHVR3Lb6TZdtw1l3RTLf8RBWVGexdxL6AC8/e0xZKEpBflBsjh9/8LXw+dkNFuOyW9B7iB3O1sP7hS0Kiacg==

jquery@>=1.10, jquery@>=1.12.0, jquery@>=1.7, "jquery@^3.0 || ^2.0 || ^1.0", jquery@^3.4.0:
  version "3.5.0"
  resolved "https://registry.yarnpkg.com/jquery/-/jquery-3.5.0.tgz#9980b97d9e4194611c36530e7dc46a58d7340fc9"
  integrity sha512-Xb7SVYMvygPxbFMpTFQiHh1J7HClEaThguL15N/Gg37Lri/qKyhRGZYzHRyLH8Stq3Aow0LsHO2O2ci86fCrNQ==

"jquery@>=1.8.0 <4.0.0", jquery@^3.6.0:
  version "3.7.1"
  resolved "https://registry.yarnpkg.com/jquery/-/jquery-3.7.1.tgz#083ef98927c9a6a74d05a6af02806566d16274de"
  integrity sha512-m4avr8yL8kmFN8psrbFFFmB/If14iN5o9nw/NgnnM+kybDJpRsAynV2BsfpTYrTRysYUdADVD7CkUUizgkpLfg==

jqvmap-novulnerability@^1.5.1:
  version "1.5.1"
  resolved "https://registry.yarnpkg.com/jqvmap-novulnerability/-/jqvmap-novulnerability-1.5.1.tgz#140c42623ebbe9b9076ea2dd3b8d155fe9f38ae7"
  integrity sha512-O6Jr7AGiut9iNJMelPdy8pH83tNXadOqmhJm5FZy9gtaZ5uuhZK3VNu+YLFuTpXeZI8YXUvlFUYbJJi5XHA+tw==
  dependencies:
    jquery "^3.4.0"

jsgrid@^1.5.3:
  version "1.5.3"
  resolved "https://registry.yarnpkg.com/jsgrid/-/jsgrid-1.5.3.tgz#b15fc426483153bee2b6b567312f675d92834a0d"
  integrity sha1-sV/EJkgxU77itrVnMS9nXZKDSg0=

jsonfile@^6.0.1:
  version "6.0.1"
  resolved "https://registry.yarnpkg.com/jsonfile/-/jsonfile-6.0.1.tgz#98966cba214378c8c84b82e085907b40bf614179"
  integrity sha512-jR2b5v7d2vIOust+w3wtFKZIfpC2pnRmFAhAC/BuweZFQR8qZzxH1OyrQ10HmdVYiXWkYUqPVsz91cG7EL2FBg==
  dependencies:
    universalify "^1.0.0"
  optionalDependencies:
    graceful-fs "^4.1.6"

jszip@^3.7.1:
  version "3.10.2"
  resolved "https://registry.yarnpkg.com/jszip/-/jszip-3.10.2.tgz#9fee8cfaaffb601f6c8796ecc522e4f81cbe88bf"
  integrity sha512-3l+rb15IOWtUhU0H5MFqES/T6Kh7abYwjosBey/vD6hDt8zoEffkSC5Ws5SGtgVw3gBx2NEbhTeSW1+kWkpyTQ==
  dependencies:
    lie "~3.3.0"
    pako "~1.0.2"
    readable-stream "~2.3.6"
    setimmediate "^1.0.5"

lie@~3.3.0:
  version "3.3.0"
  resolved "https://registry.yarnpkg.com/lie/-/lie-3.3.0.tgz#dcf82dee545f46074daf200c7c1c5a08e0f40f6a"
  integrity sha512-UaiMJzeWRlEujzAuw5LokY1L5ecNQYZKfmyZ9L7wDHb/p5etKaxXhohBcrw0EYby+G/NA52vRSN4N39dxHAIwQ==
  dependencies:
    immediate "~3.0.5"

moment-timezone@^0.5.34:
  version "0.5.48"
  resolved "https://registry.yarnpkg.com/moment-timezone/-/moment-timezone-0.5.48.tgz#111727bb274734a518ae154b5ca589283f058967"
  integrity sha512-f22b8LV1gbTO2ms2j2z13MuPogNoh5UzxL3nzNAYKGraILnbGc9NEE6dyiiiLv46DGRb8A4kg8UKWLjPthxBHw==
  dependencies:
    moment "^2.29.4"

moment@^2.10.2, moment@^2.9.0:
  version "2.24.0"
  resolved "https://registry.yarnpkg.com/moment/-/moment-2.24.0.tgz#0d055d53f5052aa653c9f6eb68bb5d12bf5c2b5b"
  integrity sha512-bV7f+6l2QigeBBZSM/6yTNq4P2fNpSWj/0e7jQcy87A8e7o2nAfP/34/2ky5Vw4B9S446EtIhodAzkFCcR4dQg==

moment@^2.29.1, moment@^2.29.2, moment@^2.29.4:
  version "2.31.0"
  resolved "https://registry.yarnpkg.com/moment/-/moment-2.31.0.tgz#6e19184e8005a9dfc61c9351263d4d6ea2ace7aa"
  integrity sha512-0acOTfMiWOheYS4eoWb80yYMb/JLvVv9SHbs2PehaDzfUG0Bw855SKyk0IKTnPGa5+U2bmi3W68l1+sGLX/pvw==

object-inspect@^1.7.0:
  version "1.7.0"
  resolved "https://registry.yarnpkg.com/object-inspect/-/object-inspect-1.7.0.tgz#f4f6bd181ad77f006b5ece60bd0b6f398ff74a67"
  integrity sha512-a7pEHdh1xKIAgTySUGgLMx/xwDZskN1Ud6egYYN3EdRW4ZMPNEDUTF+hwy2LUC+Bl+SyLXANnwz/jyh/qutKUw==

object-is@^1.0.1:
  version "1.1.2"
  resolved "https://registry.yarnpkg.com/object-is/-/object-is-1.1.2.tgz#c5d2e87ff9e119f78b7a088441519e2eec1573b6"
  integrity sha512-5lHCz+0uufF6wZ7CRFWJN3hp8Jqblpgve06U5CMQ3f//6iDjPr2PEo9MWCjEssDsa+UZEL4PkFpr+BMop6aKzQ==
  dependencies:
    define-properties "^1.1.3"
    es-abstract "^1.17.5"

object-keys@^1.0.11, object-keys@^1.0.12, object-keys@^1.1.1:
  version "1.1.1"
  resolved "https://registry.yarnpkg.com/object-keys/-/object-keys-1.1.1.tgz#1c47f272df277f3b1daf061677d9c82e2322c60e"
  integrity sha512-NuAESUOUMrlIXOfHKzD6bpPu3tYt3xvjNdRIQ+FeT0lNb4K8WR70CaDxhuNguS2XG+GjkyMwOzsN5ZktImfhLA==

object.assign@^4.1.0:
  version "4.1.0"
  resolved "https://registry.yarnpkg.com/object.assign/-/object.assign-4.1.0.tgz#968bf1100d7956bb3ca086f006f846b3bc4008da"
  integrity sha512-exHJeq6kBKj58mqGyTQ9DFvrZC/eR6OwxzoM9YRoGBqrXYonaFyGiFMuc9VZrXf7DarreEwMpurG3dd+CNyW5w==
  dependencies:
    define-properties "^1.1.2"
    function-bind "^1.1.1"
    has-symbols "^1.0.0"
    object-keys "^1.0.11"

overlayscrollbars@^1.13.1:
  version "1.13.3"
  resolved "https://registry.yarnpkg.com/overlayscrollbars/-/overlayscrollbars-1.13.3.tgz#992c96fd2c8535802d1e56c40bc12ec03076c626"
  integrity sha512-1nB/B5kaakJuHXaLXLRK0bUIilWhUGT6q5g+l2s5vqYdLle/sd0kscBHkQC1kuuDg9p9WR4MTdySDOPbeL/86g==

pako@^0.2.5:
  version "0.2.9"
  resolved "https://registry.yarnpkg.com/pako/-/pako-0.2.9.tgz#f3f7522f4ef782348da8161bad9ecfd51bf83a75"
  integrity sha1-8/dSL073gjSNqBYbrZ7P1Rv4OnU=

pako@~1.0.2:
  version "1.0.11"
  resolved "https://registry.yarnpkg.com/pako/-/pako-1.0.11.tgz#6c9599d340d54dfd3946380252a35705a6b992bf"
  integrity sha512-4hLB8Py4zZce5s4yd9XzopqwVv/yGNhV1Bl8NTmCq1763HeK2+EwVTv+leGeL13Dnh2wfbqowVPXCIO0z4taYw==

pdfmake@^0.2.4:
  version "0.2.23"
  resolved "https://registry.yarnpkg.com/pdfmake/-/pdfmake-0.2.23.tgz#249ce735fbc58e212ea3343d60f388408b8f2f02"
  integrity sha512-A/IksoKb/ikOZH1edSDJ/2zBbqJKDghD4+fXn3rT7quvCJDlsZMs3NmIB3eajLMMFU9Bd3bZPVvlUMXhvFI+bQ==
  dependencies:
    "@foliojs-fork/linebreak" "^1.1.2"
    "@foliojs-fork/pdfkit" "^0.15.3"
    iconv-lite "^0.7.1"
    xmldoc "^2.0.3"

png-js@^1.0.0:
  version "1.0.0"
  resolved "https://registry.yarnpkg.com/png-js/-/png-js-1.0.0.tgz#e5484f1e8156996e383aceebb3789fd75df1874d"
  integrity sha512-k+YsbhpA9e+EFfKjTCH3VW6aoKlyNYI6NYdTfDL4CIvFnvsuO84ttonmZE7rc+v23SLTH8XX+5w/Ak9v0xGY4g==

popper.js@>=1.10, popper.js@^1.16.1:
  version "1.16.1"
  resolved "https://registry.yarnpkg.com/popper.js/-/popper.js-1.16.1.tgz#2a223cb3dc7b6213d740e40372be40de43e65b1b"
  integrity sha512-Wb4p1J4zyFTbM+u6WuO4XstYx4Ky9Cewe4DWrel7B0w6VVICvPwdOpotjzcf6eD8TsckVnIMNONQyPIUFOUbCQ==

process-nextick-args@~2.0.0:
  version "2.0.1"
  resolved "https://registry.yarnpkg.com/process-nextick-args/-/process-nextick-args-2.0.1.tgz#7820d9b16120cc55ca9ae7792680ae7dba6d7fe2"
  integrity sha512-3ouUOpQhtgrbOa17J7+uxOTpITYWaGP7/AhoR3+A+/1e9skrzelGi/dXzEYyvbxubEF6Wn2ypscTKiKJFFn1ag==

"raphael@^2.2.0 || ^2.1.1", raphael@^2.3.0:
  version "2.3.0"
  resolved "https://registry.yarnpkg.com/raphael/-/raphael-2.3.0.tgz#eabeb09dba861a1d4cee077eaafb8c53f3131f89"
  integrity sha512-w2yIenZAQnp257XUWGni4bLMVxpUpcIl7qgxEgDIXtmSypYtlNxfXWpOBxs7LBTps5sDwhRnrToJrMUrivqNTQ==
  dependencies:
    eve-raphael "0.5.0"

readable-stream@~2.3.6:
  version "2.3.7"
  resolved "https://registry.yarnpkg.com/readable-stream/-/readable-stream-2.3.7.tgz#1eca1cf711aef814c04f62252a36a62f6cb23b57"
  integrity sha512-Ebho8K4jIbHAxnuxi7o42OrZgF/ZTNcsZj6nRKyUmkhLFq8CHItp/fy6hQZuZmP/n3yZ9VBUbp4zz/mX8hmYPw==
  dependencies:
    core-util-is "~1.0.0"
    inherits "~2.0.3"
    isarray "~1.0.0"
    process-nextick-args "~2.0.0"
    safe-buffer "~5.1.1"
    string_decoder "~1.1.1"
    util-deprecate "~1.0.1"

regexp.prototype.flags@^1.2.0:
  version "1.3.0"
  resolved "https://registry.yarnpkg.com/regexp.prototype.flags/-/regexp.prototype.flags-1.3.0.tgz#7aba89b3c13a64509dabcf3ca8d9fbb9bdf5cb75"
  integrity sha512-2+Q0C5g951OlYlJz6yu5/M33IcsESLlLfsyIaLJaG4FA2r4yP8MvVMJUUP/fVBkSpbbbZlS5gynbEWLipiiXiQ==
  dependencies:
    define-properties "^1.1.3"
    es-abstract "^1.17.0-next.1"

safe-buffer@~5.1.0, safe-buffer@~5.1.1:
  version "5.1.2"
  resolved "https://registry.yarnpkg.com/safe-buffer/-/safe-buffer-5.1.2.tgz#991ec69d296e0313747d59bdfd2b745c35f8828d"
  integrity sha512-Gd2UZBJDkXlY7GbJxfsE8/nvKkUEU1G38c1siN6QP6a9PT9MmHB8GnpscSmMJSoF8LOIrt8ud/wPtojys4G6+g==

"safer-buffer@>= 2.1.2 < 3.0.0":
  version "2.1.2"
  resolved "https://registry.yarnpkg.com/safer-buffer/-/safer-buffer-2.1.2.tgz#44fa161b0187b9549dd84bb91802f9bd8385cd6a"
  integrity sha512-YZo3K82SD7Riyi0E1EQPojLz7kpepnSQI9IyPbHHg1XXXevb5dJI7tpyN2ADxGcQbHG7vcyRHk0cbwqcQriUtg==

sax@^1.4.3:
  version "1.6.1"
  resolved "https://registry.yarnpkg.com/sax/-/sax-1.6.1.tgz#4c23cf608c0b693ab54b4b5888e92cfe977b9843"
  integrity sha512-42tBVwLWnaQvW5zc4HbZrTuWccECCZfBi92FDuwtqxasH+JbPB3/FOKb1m222K42R4WxuxzzMsTswfzgtSu64Q==

select2@^4.0.13:
  version "4.0.13"
  resolved "https://registry.yarnpkg.com/select2/-/select2-4.0.13.tgz#0dbe377df3f96167c4c1626033e924372d8ef44d"
  integrity sha512-1JeB87s6oN/TDxQQYCvS5EFoQyvV6eYMZZ0AeA4tdFDYWN3BAGZ8npr17UBFddU0lgAt3H0yjX3X6/ekOj1yjw==

setimmediate@^1.0.5:
  version "1.0.5"
  resolved "https://registry.yarnpkg.com/setimmediate/-/setimmediate-1.0.5.tgz#290cbb232e306942d7d7ea9b83732ab7856f8285"
  integrity sha512-MATJdZp8sLqDl/68LfQmbP8zKPLQNV6BIZoIgrscFDQ+RsvK/BxeDQOgyxKKoh0y/8h3BqVFnCqQ/gd+reiIXA==

sparklines@^1.3.0:
  version "1.3.0"
  resolved "https://registry.yarnpkg.com/sparklines/-/sparklines-1.3.0.tgz#08015a34c295b62196b91e98df53bfbcb1fde175"
  integrity sha512-CkFtpDE3hmOeu1IJyIQIOH0AQtHnPj1c61ALxJZQ9cPEFKDgWC1fcNAHuwPi1i1klTDYvlKKseoYHSwe7JmdLA==

string.prototype.trimend@^1.0.0:
  version "1.0.1"
  resolved "https://registry.yarnpkg.com/string.prototype.trimend/-/string.prototype.trimend-1.0.1.tgz#85812a6b847ac002270f5808146064c995fb6913"
  integrity sha512-LRPxFUaTtpqYsTeNKaFOw3R4bxIzWOnbQ837QfBylo8jIxtcbK/A/sMV7Q+OAV/vWo+7s25pOE10KYSjaSO06g==
  dependencies:
    define-properties "^1.1.3"
    es-abstract "^1.17.5"

string.prototype.trimleft@^2.1.1:
  version "2.1.2"
  resolved "https://registry.yarnpkg.com/string.prototype.trimleft/-/string.prototype.trimleft-2.1.2.tgz#4408aa2e5d6ddd0c9a80739b087fbc067c03b3cc"
  integrity sha512-gCA0tza1JBvqr3bfAIFJGqfdRTyPae82+KTnm3coDXkZN9wnuW3HjGgN386D7hfv5CHQYCI022/rJPVlqXyHSw==
  dependencies:
    define-properties "^1.1.3"
    es-abstract "^1.17.5"
    string.prototype.trimstart "^1.0.0"

string.prototype.trimright@^2.1.1:
  version "2.1.2"
  resolved "https://registry.yarnpkg.com/string.prototype.trimright/-/string.prototype.trimright-2.1.2.tgz#c76f1cef30f21bbad8afeb8db1511496cfb0f2a3"
  integrity sha512-ZNRQ7sY3KroTaYjRS6EbNiiHrOkjihL9aQE/8gfQ4DtAC/aEBRHFJa44OmoWxGGqXuJlfKkZW4WcXErGr+9ZFg==
  dependencies:
    define-properties "^1.1.3"
    es-abstract "^1.17.5"
    string.prototype.trimend "^1.0.0"

string.prototype.trimstart@^1.0.0:
  version "1.0.1"
  resolved "https://registry.yarnpkg.com/string.prototype.trimstart/-/string.prototype.trimstart-1.0.1.tgz#14af6d9f34b053f7cfc89b72f8f2ee14b9039a54"
  integrity sha512-XxZn+QpvrBI1FOcg6dIpxUPgWCPuNXvMD72aaRaUQv1eD4e/Qy8i/hFTe0BUmD60p/QA6bh1avmuPTfNjqVWRw==
  dependencies:
    define-properties "^1.1.3"
    es-abstract "^1.17.5"

string_decoder@~1.1.1:
  version "1.1.1"
  resolved "https://registry.yarnpkg.com/string_decoder/-/string_decoder-1.1.1.tgz#9cf1611ba62685d7030ae9e4ba34149c3af03fc8"
  integrity sha512-n/ShnvDi6FHbbVfviro+WojiFzv+s8MPMHBczVePfUpDJLwoLT0ht1l4YwBCbi8pJAveEEdnkHyPyTP/mzRfwg==
  dependencies:
    safe-buffer "~5.1.0"

summernote@^0.8.20:
  version "0.8.20"
  resolved "https://registry.yarnpkg.com/summernote/-/summernote-0.8.20.tgz#395905f2cec0aceebc712edc019d91b8ef88f7cf"
  integrity sha512-W9RhjQjsn+b1s9xiJQgJbCiYGJaDAc9CdEqXo+D13WuStG8lCdtKaO5AiNiSSMJsQJN2EfGSwbBQt+SFE2B8Kw==

sweetalert2@^11.4.0:
  version "11.26.25"
  resolved "https://registry.yarnpkg.com/sweetalert2/-/sweetalert2-11.26.25.tgz#ba24ffb79c67648ac51f834620baa15866a56e35"
  integrity sha512-+hunCOJdJ6FLj04T9YSLvvZXRjsvIkTeTKP2e4VF8CaBias961BTnWiSFAy7F/CM5eq3QK2Rraoc5Gzftslvkg==

tempusdominus-bootstrap-4@^5.39.0:
  version "5.39.2"
  resolved "https://registry.yarnpkg.com/tempusdominus-bootstrap-4/-/tempusdominus-bootstrap-4-5.39.2.tgz#f8f12194287eb6f159e9b9d94a441abb54daf94d"
  integrity sha512-8Au4miSAsMGdsElPg87EUmsN7aGJFaRA5Y8Ale7dDTfhhnQL1Za53LclIJkq+t/7NO5+Ufr1jY7tmEPvWGHaVg==
  dependencies:
    bootstrap "^4.6.1"
    jquery "^3.6.0"
    moment "^2.29.2"
    moment-timezone "^0.5.34"
    popper.js "^1.16.1"

tiny-inflate@^1.0.0, tiny-inflate@^1.0.2:
  version "1.0.3"
  resolved "https://registry.yarnpkg.com/tiny-inflate/-/tiny-inflate-1.0.3.tgz#122715494913a1805166aaf7c93467933eea26c4"
  integrity sha512-pkY1fj1cKHb2seWDy0B16HeWyczlJA9/WW3u3c4z/NiWDsO3DOU5D7nhTLE9CF0yXv/QZFY7sEJmj24dK+Rrqw==

toastr@^2.1.4:
  version "2.1.4"
  resolved "https://registry.yarnpkg.com/toastr/-/toastr-2.1.4.tgz#8b43be64fb9d0c414871446f2db8e8ca4e95f181"
  integrity sha1-i0O+ZPudDEFIcURvLbjoyk6V8YE=
  dependencies:
    jquery ">=1.12.0"

unicode-properties@^1.2.2:
  version "1.4.1"
  resolved "https://registry.yarnpkg.com/unicode-properties/-/unicode-properties-1.4.1.tgz#96a9cffb7e619a0dc7368c28da27e05fc8f9be5f"
  integrity sha512-CLjCCLQ6UuMxWnbIylkisbRj31qxHPAurvena/0iwSVbQ2G1VY5/HjV0IRabOEbDHlzZlRdCrD4NhB0JtU40Pg==
  dependencies:
    base64-js "^1.3.0"
    unicode-trie "^2.0.0"

unicode-trie@^2.0.0:
  version "2.0.0"
  resolved "https://registry.yarnpkg.com/unicode-trie/-/unicode-trie-2.0.0.tgz#8fd8845696e2e14a8b67d78fa9e0dd2cad62fec8"
  integrity sha512-x7bc76x0bm4prf1VLg79uhAzKw8DVboClSN5VxJuQ+LKDOVEW9CdH+VY7SP+vX7xCYQqzzgQpFqz15zeLvAtZQ==
  dependencies:
    pako "^0.2.5"
    tiny-inflate "^1.0.0"

universalify@^1.0.0:
  version "1.0.0"
  resolved "https://registry.yarnpkg.com/universalify/-/universalify-1.0.0.tgz#b61a1da173e8435b2fe3c67d29b9adf8594bd16d"
  integrity sha512-rb6X1W158d7pRQBg5gkR8uPaSfiids68LTJQYOtEUhoJUWBdaQHsuT/EUduxXYxcrt4r5PJ4fuHW1MHT6p0qug==

universalify@^2.0.0:
  version "2.0.1"
  resolved "https://registry.yarnpkg.com/universalify/-/universalify-2.0.1.tgz#168efc2180964e6386d061e094df61afe239b18d"
  integrity sha512-gptHNQghINnc/vTGIk0SOFGFNXw7JVrlRUtConJRlvaw6DuX0wO5Jeko9sWrMBhh+PsYAZ7oXAiOnf/UKogyiw==

uplot@^1.6.18:
  version "1.6.32"
  resolved "https://registry.yarnpkg.com/uplot/-/uplot-1.6.32.tgz#c800a63b432bad692d6d746f44f0882aa73a49ae"
  integrity sha512-KIMVnG68zvu5XXUbC4LQEPnhwOxBuLyW1AHtpm6IKTXImkbLgkMy+jabjLgSLMasNuGGzQm/ep3tOkyTxpiQIw==

util-deprecate@~1.0.1:
  version "1.0.2"
  resolved "https://registry.yarnpkg.com/util-deprecate/-/util-deprecate-1.0.2.tgz#450d4dc9fa70de732762fbd2d4a28981419a0ccf"
  integrity sha1-RQ1Nyfpw3nMnYvvS1KKJgUGaDM8=

xmldoc@^2.0.3:
  version "2.0.3"
  resolved "https://registry.yarnpkg.com/xmldoc/-/xmldoc-2.0.3.tgz#65b4226b753ea6cd4601f3f56d52338941d38380"
  integrity sha512-6gRk4NY/Jvg67xn7OzJuxLRsGgiXBaPUQplVJ/9l99uIugxh4FTOewYz5ic8WScj7Xx/2WvhENiQKwkK9RpE4w==
  dependencies:
    sax "^1.4.3"
